
Microsoft Visual Studio Solution File, Format Version 12.00
# Visual Studio Version 17
VisualStudioVersion = 17.5.33516.290
MinimumVisualStudioVersion = 10.0.40219.1
Project("{9A19103F-16F7-4668-BE54-9A1E7A4F7556}") = "SVSModel", "SVSModel\SVSModel.csproj", "{255D77C7-5338-42BC-A136-8801657D51BB}"
EndProject
Project("{9A19103F-16F7-4668-BE54-9A1E7A4F7556}") = "SVSModel.Excel", "SVSModel.Excel\SVSModel.Excel.csproj", "{30EFA8DB-CE6D-4B36-9EBC-0A0B2CD7A444}"
	ProjectSection(ProjectDependencies) = postProject
		{255D77C7-5338-42BC-A136-8801657D51BB} = {255D77C7-5338-42BC-A136-8801657D51BB}
	EndProjectSection
EndProject
Project("{888888A0-9F3D-457C-B088-3A5042F75D52}") = "TestGraphs", "TestGraphs\TestGraphs.pyproj", "{FD4E40A1-0044-488C-A426-F1D5FEAF9DF4}"
EndProject
Project("{9A19103F-16F7-4668-BE54-9A1E7A4F7556}") = "TestsConsole", "TestConsole\TestsConsole.csproj", "{9EBAE580-D2AE-4931-95CF-9EA5CDF4C9E5}"
EndProject
Project("{9A19103F-16F7-4668-BE54-9A1E7A4F7556}") = "TestComponents", "TestComponents\TestComponents.csproj", "{B3488A79-46B6-4AE0-A327-1EFA5F850075}"
EndProject
Global
	GlobalSection(SolutionConfigurationPlatforms) = preSolution
		Debug|Any CPU = Debug|Any CPU
		Release|Any CPU = Release|Any CPU
	EndGlobalSection
	GlobalSection(ProjectConfigurationPlatforms) = postSolution
		{255D77C7-5338-42BC-A136-8801657D51BB}.Debug|Any CPU.ActiveCfg = Debug|Any CPU
		{255D77C7-5338-42BC-A136-8801657D51BB}.Debug|Any CPU.Build.0 = Debug|Any CPU
		{255D77C7-5338-42BC-A136-8801657D51BB}.Release|Any CPU.ActiveCfg = Release|Any CPU
		{255D77C7-5338-42BC-A136-8801657D51BB}.Release|Any CPU.Build.0 = Release|Any CPU
		{30EFA8DB-CE6D-4B36-9EBC-0A0B2CD7A444}.Debug|Any CPU.ActiveCfg = Debug|Any CPU
		{30EFA8DB-CE6D-4B36-9EBC-0A0B2CD7A444}.Debug|Any CPU.Build.0 = Debug|Any CPU
		{30EFA8DB-CE6D-4B36-9EBC-0A0B2CD7A444}.Release|Any CPU.ActiveCfg = Release|Any CPU
		{30EFA8DB-CE6D-4B36-9EBC-0A0B2CD7A444}.Release|Any CPU.Build.0 = Release|Any CPU
		{FD4E40A1-0044-488C-A426-F1D5FEAF9DF4}.Debug|Any CPU.ActiveCfg = Debug|Any CPU
		{FD4E40A1-0044-488C-A426-F1D5FEAF9DF4}.Release|Any CPU.ActiveCfg = Release|Any CPU
		{9EBAE580-D2AE-4931-95CF-9EA5CDF4C9E5}.Debug|Any CPU.ActiveCfg = Debug|Any CPU
		{9EBAE580-D2AE-4931-95CF-9EA5CDF4C9E5}.Debug|Any CPU.Build.0 = Debug|Any CPU
		{9EBAE580-D2AE-4931-95CF-9EA5CDF4C9E5}.Release|Any CPU.ActiveCfg = Release|Any CPU
		{9EBAE580-D2AE-4931-95CF-9EA5CDF4C9E5}.Release|Any CPU.Build.0 = Release|Any CPU
		{B3488A79-46B6-4AE0-A327-1EFA5F850075}.Debug|Any CPU.ActiveCfg = Debug|Any CPU
		{B3488A79-46B6-4AE0-A327-1EFA5F850075}.Debug|Any CPU.Build.0 = Debug|Any CPU
		{B3488A79-46B6-4AE0-A327-1EFA5F850075}.Release|Any CPU.ActiveCfg = Release|Any CPU
		{B3488A79-46B6-4AE0-A327-1EFA5F850075}.Release|Any CPU.Build.0 = Release|Any CPU
	EndGlobalSection
	GlobalSection(SolutionProperties) = preSolution
		HideSolutionNode = FALSE
	EndGlobalSection
	GlobalSection(ExtensibilityGlobals) = postSolution
		SolutionGuid = {65DAB7A8-9FD1-4073-9D72-0D12C600CE16}
	EndGlobalSection
EndGlobal
